<?xml version="1.0" encoding="utf-8"?>
<Project ToolsVersion="4.0" xmlns="http://schemas.microsoft.com/developer/msbuild/2003">
  <ItemGroup>
    <Filter Include="Source Files">
      <UniqueIdentifier>{4FC737F1-C7A5-4376-A066-2A32D752A2FF}</UniqueIdentifier>
      <Extensions>cpp;c;cc;cxx;c++;cppm;ixx;def;odl;idl;hpj;bat;asm;asmx</Extensions>
    </Filter>
    <Filter Include="Header Files">
      <UniqueIdentifier>{93995380-89BD-4b04-88EB-625FBE52EBFB}</UniqueIdentifier>
      <Extensions>h;hh;hpp;hxx;h++;hm;inl;inc;ipp;xsd</Extensions>
    </Filter>
    <Filter Include="Resource Files">
      <UniqueIdentifier>{67DA6AB6-F800-4c08-8B7A-83BB121AAD01}</UniqueIdentifier>
      <Extensions>rc;ico;cur;bmp;dlg;rc2;rct;bin;rgs;gif;jpg;jpeg;jpe;resx;tiff;tif;png;wav;mfcribbon-ms</Extensions>
    </Filter>
    <Filter Include="Source Files\Input">
      <UniqueIdentifier>{db61040e-0a40-4708-a3f0-cac6978de88a}</UniqueIdentifier>
    </Filter>
    <Filter Include="Source Files\PCH">
      <UniqueIdentifier>{2715bba7-23a7-4903-8e59-c6352d17ad06}</UniqueIdentifier>
    </Filter>
    <Filter Include="Source Files\Resource">
      <UniqueIdentifier>{35baf2a1-b8e3-4108-8818-8dc5c49cd093}</UniqueIdentifier>
    </Filter>
    <Filter Include="Source Files\Window">
      <UniqueIdentifier>{d8de0a09-0c1d-469c-b936-5f4a414b1637}</UniqueIdentifier>
    </Filter>
    <Filter Include="Header Files\Input">
      <UniqueIdentifier>{953813d3-54b0-4384-89ee-1cb0956ebad7}</UniqueIdentifier>
    </Filter>
    <Filter Include="Header Files\PCH">
      <UniqueIdentifier>{b531c127-be28-4521-ab45-aa4ee01575e3}</UniqueIdentifier>
    </Filter>
    <Filter Include="Header Files\Resource">
      <UniqueIdentifier>{dc41239f-b3bc-408f-b877-4d6320f8c414}</UniqueIdentifier>
    </Filter>
    <Filter Include="Header Files\Window">
      <UniqueIdentifier>{e6747b92-f8e2-4c02-9dd3-accf88a8cb00}</UniqueIdentifier>
    </Filter>
    <Filter Include="Header Files\Render">
      <UniqueIdentifier>{c6d561c8-8073-4566-a26a-0557b08a22a3}</UniqueIdentifier>
    </Filter>
    <Filter Include="Header Files\Render\DX">
      <UniqueIdentifier>{2a2a07d0-4bfb-4c74-b574-c64f84f0939e}</UniqueIdentifier>
    </Filter>
    <Filter Include="Source Files\Render">
      <UniqueIdentifier>{bb4f1436-2e26-41dd-9e96-b4ca6a75c430}</UniqueIdentifier>
    </Filter>
    <Filter Include="Source Files\Render\DX">
      <UniqueIdentifier>{c0b5e1ff-3a6d-43c5-8ee9-338576c88b9a}</UniqueIdentifier>
    </Filter>
  </ItemGroup>
  <ItemGroup>
    <ClInclude Include="stdafx.h">
      <Filter>Header Files\PCH</Filter>
    </ClInclude>
    <ClInclude Include="FWin32Input.h">
      <Filter>Header Files\Input</Filter>
    </ClInclude>
    <ClInclude Include="FInputBase.h">
      <Filter>Header Files\Input</Filter>
    </ClInclude>
    <ClInclude Include="d3dUtil.h">
      <Filter>Header Files\Render\DX</Filter>
    </ClInclude>
    <ClInclude Include="DX12RHI.h">
      <Filter>Header Files\Render\DX</Filter>
    </ClInclude>
    <ClInclude Include="UploadBuffer.h">
      <Filter>Header Files\Render\DX</Filter>
    </ClInclude>
    <ClInclude Include="FActor.h">
      <Filter>Header Files\Resource</Filter>
    </ClInclude>
    <ClInclude Include="FAssetManager.h">
      <Filter>Header Files\Resource</Filter>
    </ClInclude>
    <ClInclude Include="FMesh.h">
      <Filter>Header Files\Resource</Filter>
    </ClInclude>
    <ClInclude Include="FScene.h">
      <Filter>Header Files\Resource</Filter>
    </ClInclude>
    <ClInclude Include="Win32Window.h">
      <Filter>Header Files\Window</Filter>
    </ClInclude>
    <ClInclude Include="Window.h">
      <Filter>Header Files\Window</Filter>
    </ClInclude>
    <ClInclude Include="DDSTextureLoader.h">
      <Filter>Header Files\Render\DX</Filter>
    </ClInclude>
    <ClInclude Include="Serialize.h">
      <Filter>Header Files</Filter>
    </ClInclude>
    <ClInclude Include="Camera.h">
      <Filter>Header Files</Filter>
    </ClInclude>
    <ClInclude Include="Engine.h">
      <Filter>Header Files</Filter>
    </ClInclude>
    <ClInclude Include="FSemaphore.h">
      <Filter>Header Files</Filter>
    </ClInclude>
    <ClInclude Include="FSingleton.h">
      <Filter>Header Files</Filter>
    </ClInclude>
    <ClInclude Include="GameTimer.h">
      <Filter>Header Files</Filter>
    </ClInclude>
    <ClInclude Include="MathHelper.h">
      <Filter>Header Files</Filter>
    </ClInclude>
    <ClInclude Include="MeshDescribe.h">
      <Filter>Header Files</Filter>
    </ClInclude>
    <ClInclude Include="ForwardRenderer.h">
      <Filter>Header Files\Render</Filter>
    </ClInclude>
    <ClInclude Include="RHI.h">
      <Filter>Header Files\Render</Filter>
    </ClInclude>
    <ClInclude Include="FMaterial.h">
      <Filter>Header Files\Resource</Filter>
    </ClInclude>
    <ClInclude Include="FTexture.h">
      <Filter>Header Files\Resource</Filter>
    </ClInclude>
    <ClInclude Include="FRenderer.h">
      <Filter>Header Files\Render</Filter>
    </ClInclude>
    <ClInclude Include="RHIParameterType.h">
      <Filter>Header Files\Render</Filter>
    </ClInclude>
    <ClInclude Include="FPrimitive.h">
      <Filter>Header Files\Render</Filter>
    </ClInclude>
    <ClInclude Include="FRenderScene.h">
      <Filter>Header Files\Render</Filter>
    </ClInclude>
    <ClInclude Include="DXPrimitive.h">
      <Filter>Header Files\Render\DX</Filter>
    </ClInclude>
    <ClInclude Include="FTextureStruct.h">
      <Filter>Header Files\Resource</Filter>
    </ClInclude>
    <ClInclude Include="FLight.h">
      <Filter>Header Files\Resource</Filter>
    </ClInclude>
    <ClInclude Include="FLightDesc.h">
      <Filter>Header Files\Resource</Filter>
    </ClInclude>
    <ClInclude Include="ShadowMap.h">
      <Filter>Header Files\Render\DX</Filter>
    </ClInclude>
    <ClInclude Include="FHeapManager.h">
      <Filter>Header Files\Render</Filter>
    </ClInclude>
    <ClInclude Include="FPUResource.h">
      <Filter>Header Files\Render</Filter>
    </ClInclude>
  </ItemGroup>
  <ItemGroup>
    <ClCompile Include="stdafx.cpp">
      <Filter>Source Files\PCH</Filter>
    </ClCompile>
    <ClCompile Include="FInputBase.cpp">
      <Filter>Source Files\Input</Filter>
    </ClCompile>
    <ClCompile Include="FWin32Input.cpp">
      <Filter>Source Files\Input</Filter>
    </ClCompile>
    <ClCompile Include="DX12RHI.cpp">
      <Filter>Source Files\Render\DX</Filter>
    </ClCompile>
    <ClCompile Include="d3dUtil.cpp">
      <Filter>Source Files\Render\DX</Filter>
    </ClCompile>
    <ClCompile Include="FAssetManager.cpp">
      <Filter>Source Files\Resource</Filter>
    </ClCompile>
    <ClCompile Include="FMesh.cpp">
      <Filter>Source Files\Resource</Filter>
    </ClCompile>
    <ClCompile Include="FActor.cpp">
      <Filter>Source Files\Resource</Filter>
    </ClCompile>
    <ClCompile Include="FScene.cpp">
      <Filter>Source Files\Resource</Filter>
    </ClCompile>
    <ClCompile Include="Win32Window.cpp">
      <Filter>Source Files\Window</Filter>
    </ClCompile>
    <ClCompile Include="Window.cpp">
      <Filter>Source Files\Window</Filter>
    </ClCompile>
    <ClCompile Include="DDSTextureLoader.cpp">
      <Filter>Source Files\Render\DX</Filter>
    </ClCompile>
    <ClCompile Include="Camera.cpp">
      <Filter>Source Files</Filter>
    </ClCompile>
    <ClCompile Include="Engine.cpp">
      <Filter>Source Files</Filter>
    </ClCompile>
    <ClCompile Include="GameTimer.cpp">
      <Filter>Source Files</Filter>
    </ClCompile>
    <ClCompile Include="MathHelper.cpp">
      <Filter>Source Files</Filter>
    </ClCompile>
    <ClCompile Include="Serialize.cpp">
      <Filter>Source Files</Filter>
    </ClCompile>
    <ClCompile Include="ForwardRenderer.cpp">
      <Filter>Source Files\Render</Filter>
    </ClCompile>
    <ClCompile Include="RHI.cpp">
      <Filter>Source Files\Render</Filter>
    </ClCompile>
    <ClCompile Include="FMaterial.cpp">
      <Filter>Source Files\Resource</Filter>
    </ClCompile>
    <ClCompile Include="FTexture.cpp">
      <Filter>Source Files\Resource</Filter>
    </ClCompile>
    <ClCompile Include="FRenderer.cpp">
      <Filter>Source Files\Render</Filter>
    </ClCompile>
    <ClCompile Include="DXPrimitive.cpp">
      <Filter>Source Files\Render\DX</Filter>
    </ClCompile>
    <ClCompile Include="FPrimitive.cpp">
      <Filter>Source Files\Render</Filter>
    </ClCompile>
    <ClCompile Include="FRenderScene.cpp">
      <Filter>Source Files\Render</Filter>
    </ClCompile>
    <ClCompile Include="FLight.cpp">
      <Filter>Source Files\Resource</Filter>
    </ClCompile>
    <ClCompile Include="ShadowMap.cpp">
      <Filter>Source Files\Render\DX</Filter>
    </ClCompile>
    <ClCompile Include="FHeapManager.cpp">
      <Filter>Source Files\Render</Filter>
    </ClCompile>
  </ItemGroup>
</Project>